
Microsoft Visual Studio Solution File, Format Version 12.00
# Visual Studio Version 17
VisualStudioVersion = 17.1.32319.34
MinimumVisualStudioVersion = 10.0.40219.1
Project("{FAE04EC0-301F-11D3-BF4B-00C04F79EFBC}") = "WeatherApp", "WeatherApp.csproj", "{3AA66CA6-1C42-442A-AB7A-FA254F098A5B}"
EndProject
Global
	GlobalSection(SolutionConfigurationPlatforms) = preSolution
		Debug|Any CPU = Debug|Any CPU
		Release|Any CPU = Release|Any CPU
	EndGlobalSection
	GlobalSection(ProjectConfigurationPlatforms) = postSolution
		{3AA66CA6-1C42-442A-AB7A-FA254F098A5B}.Debug|Any CPU.ActiveCfg = Debug|Any CPU
		{3AA66CA6-1C42-442A-AB7A-FA254F098A5B}.Debug|Any CPU.Build.0 = Debug|Any CPU
		{3AA66CA6-1C42-442A-AB7A-FA254F098A5B}.Release|Any CPU.ActiveCfg = Release|Any CPU
		{3AA66CA6-1C42-442A-AB7A-FA254F098A5B}.Release|Any CPU.Build.0 = Release|Any CPU
	EndGlobalSection
	GlobalSection(SolutionProperties) = preSolution
		HideSolutionNode = FALSE
	EndGlobalSection
	GlobalSection(ExtensibilityGlobals) = postSolution
		SolutionGuid = {74344F98-2009-4CD6-A74E-CB10D46699F8}
	EndGlobalSection
EndGlobal
